// !$*UTF8*$!
{
	archiveVersion = 1;
	classes = {
	};
	objectVersion = 55;
	objects = {

/* Begin PBXBuildFile section */
		1171A59527CF494900E0DEE5 /* AppDelegate.swift in Sources */ = {isa = PBXBuildFile; fileRef = 1171A59427CF494900E0DEE5 /* AppDelegate.swift */; };
		1171A59727CF494900E0DEE5 /* SceneDelegate.swift in Sources */ = {isa = PBXBuildFile; fileRef = 1171A59627CF494900E0DEE5 /* SceneDelegate.swift */; };
		1171A59927CF494900E0DEE5 /* NewsViewController.swift in Sources */ = {isa = PBXBuildFile; fileRef = 1171A59827CF494900E0DEE5 /* NewsViewController.swift */; };
		1171A59C27CF494900E0DEE5 /* Main.storyboard in Resources */ = {isa = PBXBuildFile; fileRef = 1171A59A27CF494900E0DEE5 /* Main.storyboard */; };
		1171A59F27CF494900E0DEE5 /* NewsApp.xcdatamodeld in Sources */ = {isa = PBXBuildFile; fileRef = 1171A59D27CF494900E0DEE5 /* NewsApp.xcdatamodeld */; };
		1171A5A127CF494900E0DEE5 /* Assets.xcassets in Resources */ = {isa = PBXBuildFile; fileRef = 1171A5A027CF494900E0DEE5 /* Assets.xcassets */; };
		1171A5A427CF494900E0DEE5 /* LaunchScreen.storyboard in Resources */ = {isa = PBXBuildFile; fileRef = 1171A5A227CF494900E0DEE5 /* LaunchScreen.storyboard */; };
		1171A5AE27CF7E5000E0DEE5 /* NewsModel.swift in Sources */ = {isa = PBXBuildFile; fileRef = 1171A5AD27CF7E5000E0DEE5 /* NewsModel.swift */; };
		1171A5B527DA17FB00E0DEE5 /* Kingfisher in Frameworks */ = {isa = PBXBuildFile; productRef = 1171A5B427DA17FB00E0DEE5 /* Kingfisher */; };
		1171A5B927DA1DD300E0DEE5 /* NewsTableViewCell.xib in Resources */ = {isa = PBXBuildFile; fileRef = 1171A5B827DA1DD300E0DEE5 /* NewsTableViewCell.xib */; };
		1171A5BB27DA1E0A00E0DEE5 /* NewsTableViewCell.swift in Sources */ = {isa = PBXBuildFile; fileRef = 1171A5BA27DA1E0A00E0DEE5 /* NewsTableViewCell.swift */; };
		1171A5BD27DB7B2500E0DEE5 /* NewsApiManager.swift in Sources */ = {isa = PBXBuildFile; fileRef = 1171A5BC27DB7B2500E0DEE5 /* NewsApiManager.swift */; };
		1171A5BF27DD096D00E0DEE5 /* URLComponents.swift in Sources */ = {isa = PBXBuildFile; fileRef = 1171A5BE27DD096D00E0DEE5 /* URLComponents.swift */; };
/* End PBXBuildFile section */

/* Begin PBXFileReference section */
		1171A59127CF494900E0DEE5 /* NewsApp.app */ = {isa = PBXFileReference; explicitFileType = wrapper.application; includeInIndex = 0; path = NewsApp.app; sourceTree = BUILT_PRODUCTS_DIR; };
		1171A59427CF494900E0DEE5 /* AppDelegate.swift */ = {isa = PBXFileReference; lastKnownFileType = sourcecode.swift; path = AppDelegate.swift; sourceTree = "<group>"; };
		1171A59627CF494900E0DEE5 /* SceneDelegate.swift */ = {isa = PBXFileReference; lastKnownFileType = sourcecode.swift; path = SceneDelegate.swift; sourceTree = "<group>"; };
		1171A59827CF494900E0DEE5 /* NewsViewController.swift */ = {isa = PBXFileReference; lastKnownFileType = sourcecode.swift; path = NewsViewController.swift; sourceTree = "<group>"; };
		1171A59B27CF494900E0DEE5 /* Base */ = {isa = PBXFileReference; lastKnownFileType = file.storyboard; name = Base; path = Base.lproj/Main.storyboard; sourceTree = "<group>"; };
		1171A59E27CF494900E0DEE5 /* NewsApp.xcdatamodel */ = {isa = PBXFileReference; lastKnownFileType = wrapper.xcdatamodel; path = NewsApp.xcdatamodel; sourceTree = "<group>"; };
		1171A5A027CF494900E0DEE5 /* Assets.xcassets */ = {isa = PBXFileReference; lastKnownFileType = folder.assetcatalog; path = Assets.xcassets; sourceTree = "<group>"; };
		1171A5A327CF494900E0DEE5 /* Base */ = {isa = PBXFileReference; lastKnownFileType = file.storyboard; name = Base; path = Base.lproj/LaunchScreen.storyboard; sourceTree = "<group>"; };
		1171A5A527CF494900E0DEE5 /* Info.plist */ = {isa = PBXFileReference; lastKnownFileType = text.plist.xml; path = Info.plist; sourceTree = "<group>"; };
		1171A5AD27CF7E5000E0DEE5 /* NewsModel.swift */ = {isa = PBXFileReference; lastKnownFileType = sourcecode.swift; path = NewsModel.swift; sourceTree = "<group>"; };
		1171A5B827DA1DD300E0DEE5 /* NewsTableViewCell.xib */ = {isa = PBXFileReference; lastKnownFileType = file.xib; path = NewsTableViewCell.xib; sourceTree = "<group>"; };
		1171A5BA27DA1E0A00E0DEE5 /* NewsTableViewCell.swift */ = {isa = PBXFileReference; lastKnownFileType = sourcecode.swift; path = NewsTableViewCell.swift; sourceTree = "<group>"; };
		1171A5BC27DB7B2500E0DEE5 /* NewsApiManager.swift */ = {isa = PBXFileReference; lastKnownFileType = sourcecode.swift; path = NewsApiManager.swift; sourceTree = "<group>"; };
		1171A5BE27DD096D00E0DEE5 /* URLComponents.swift */ = {isa = PBXFileReference; lastKnownFileType = sourcecode.swift; path = URLComponents.swift; sourceTree = "<group>"; };
/* End PBXFileReference section */

/* Begin PBXFrameworksBuildPhase section */
		1171A58E27CF494900E0DEE5 /* Frameworks */ = {
			isa = PBXFrameworksBuildPhase;
			buildActionMask = 2147483647;
			files = (
				1171A5B527DA17FB00E0DEE5 /* Kingfisher in Frameworks */,
			);
			runOnlyForDeploymentPostprocessing = 0;
		};
/* End PBXFrameworksBuildPhase section */

/* Begin PBXGroup section */
		1171A58827CF494900E0DEE5 = {
			isa = PBXGroup;
			children = (
				1171A59327CF494900E0DEE5 /* NewsApp */,
				1171A59227CF494900E0DEE5 /* Products */,
			);
			sourceTree = "<group>";
		};
		1171A59227CF494900E0DEE5 /* Products */ = {
			isa = PBXGroup;
			children = (
				1171A59127CF494900E0DEE5 /* NewsApp.app */,
			);
			name = Products;
			sourceTree = "<group>";
		};
		1171A59327CF494900E0DEE5 /* NewsApp */ = {
			isa = PBXGroup;
			children = (
				1171A5B627DA1DA300E0DEE5 /* UI */,
				1171A59427CF494900E0DEE5 /* AppDelegate.swift */,
				1171A59627CF494900E0DEE5 /* SceneDelegate.swift */,
				1171A59827CF494900E0DEE5 /* NewsViewController.swift */,
				1171A5AD27CF7E5000E0DEE5 /* NewsModel.swift */,
				1171A5BC27DB7B2500E0DEE5 /* NewsApiManager.swift */,
				1171A5BE27DD096D00E0DEE5 /* URLComponents.swift */,
				1171A5A027CF494900E0DEE5 /* Assets.xcassets */,
				1171A5A227CF494900E0DEE5 /* LaunchScreen.storyboard */,
				1171A5A527CF494900E0DEE5 /* Info.plist */,
				1171A59D27CF494900E0DEE5 /* NewsApp.xcdatamodeld */,
			);
			path = NewsApp;
			sourceTree = "<group>";
		};
		1171A5B627DA1DA300E0DEE5 /* UI */ = {
			isa = PBXGroup;
			children = (
				1171A59A27CF494900E0DEE5 /* Main.storyboard */,
				1171A5B727DA1DAA00E0DEE5 /* Cells */,
			);
			path = UI;
			sourceTree = "<group>";
		};
		1171A5B727DA1DAA00E0DEE5 /* Cells */ = {
			isa = PBXGroup;
			children = (
				1171A5B827DA1DD300E0DEE5 /* NewsTableViewCell.xib */,
				1171A5BA27DA1E0A00E0DEE5 /* NewsTableViewCell.swift */,
			);
			path = Cells;
			sourceTree = "<group>";
		};
/* End PBXGroup section */

/* Begin PBXNativeTarget section */
		1171A59027CF494900E0DEE5 /* NewsApp */ = {
			isa = PBXNativeTarget;
			buildConfigurationList = 1171A5A827CF494900E0DEE5 /* Build configuration list for PBXNativeTarget "NewsApp" */;
			buildPhases = (
				1171A58D27CF494900E0DEE5 /* Sources */,
				1171A58E27CF494900E0DEE5 /* Frameworks */,
				1171A58F27CF494900E0DEE5 /* Resources */,
				1102FD0628EB0EB700F9CCE0 /* ShellScript */,
			);
			buildRules = (
			);
			dependencies = (
			);
			name = NewsApp;
			packageProductDependencies = (
				1171A5B427DA17FB00E0DEE5 /* Kingfisher */,
			);
			productName = NewsApp;
			productReference = 1171A59127CF494900E0DEE5 /* NewsApp.app */;
			productType = "com.apple.product-type.application";
		};
/* End PBXNativeTarget section */

/* Begin PBXProject section */
		1171A58927CF494900E0DEE5 /* Project object */ = {
			isa = PBXProject;
			attributes = {
				BuildIndependentTargetsInParallel = 1;
				LastSwiftUpdateCheck = 1320;
				LastUpgradeCheck = 1320;
				TargetAttributes = {
					1171A59027CF494900E0DEE5 = {
						CreatedOnToolsVersion = 13.2.1;
					};
				};
			};
			buildConfigurationList = 1171A58C27CF494900E0DEE5 /* Build configuration list for PBXProject "NewsApp" */;
			compatibilityVersion = "Xcode 13.0";
			developmentRegion = en;
			hasScannedForEncodings = 0;
			knownRegions = (
				en,
				Base,
			);
			mainGroup = 1171A58827CF494900E0DEE5;
			packageReferences = (
				1171A5B327DA17FB00E0DEE5 /* XCRemoteSwiftPackageReference "Kingfisher" */,
			);
			productRefGroup = 1171A59227CF494900E0DEE5 /* Products */;
			projectDirPath = "";
			projectRoot = "";
			targets = (
				1171A59027CF494900E0DEE5 /* NewsApp */,
			);
		};
/* End PBXProject section */

/* Begin PBXResourcesBuildPhase section */
		1171A58F27CF494900E0DEE5 /* Resources */ = {
			isa = PBXResourcesBuildPhase;
			buildActionMask = 2147483647;
			files = (
				1171A5A427CF494900E0DEE5 /* LaunchScreen.storyboard in Resources */,
				1171A5A127CF494900E0DEE5 /* Assets.xcassets in Resources */,
				1171A5B927DA1DD300E0DEE5 /* NewsTableViewCell.xib in Resources */,
				1171A59C27CF494900E0DEE5 /* Main.storyboard in Resources */,
			);
			runOnlyForDeploymentPostprocessing = 0;
		};
/* End PBXResourcesBuildPhase section */

/* Begin PBXShellScriptBuildPhase section */
		1102FD0628EB0EB700F9CCE0 /* ShellScript */ = {
			isa = PBXShellScriptBuildPhase;
			buildActionMask = 2147483647;
			files = (
			);
			inputFileListPaths = (
			);
			inputPaths = (
			);
			outputFileListPaths = (
			);
			outputPaths = (
			);
			runOnlyForDeploymentPostprocessing = 0;
			shellPath = /bin/sh;
			shellScript = "export PATH=\"$PATH:/opt/homebrew/bin\"\nif which swiftlint >/dev/null; then\n    swiftlint\nelse\n    echo \"warning: SwiftLint not installed, download from https://github.com/realm/SwiftLint\"\nfi\n";
		};
/* End PBXShellScriptBuildPhase section */

/* Begin PBXSourcesBuildPhase section */
		1171A58D27CF494900E0DEE5 /* Sources */ = {
			isa = PBXSourcesBuildPhase;
			buildActionMask = 2147483647;
			files = (
				1171A5BF27DD096D00E0DEE5 /* URLComponents.swift in Sources */,
				1171A5AE27CF7E5000E0DEE5 /* NewsModel.swift in Sources */,
				1171A5BD27DB7B2500E0DEE5 /* NewsApiManager.swift in Sources */,
				1171A59927CF494900E0DEE5 /* NewsViewController.swift in Sources */,
				1171A5BB27DA1E0A00E0DEE5 /* NewsTableViewCell.swift in Sources */,
				1171A59527CF494900E0DEE5 /* AppDelegate.swift in Sources */,
				1171A59F27CF494900E0DEE5 /* NewsApp.xcdatamodeld in Sources */,
				1171A59727CF494900E0DEE5 /* SceneDelegate.swift in Sources */,
			);
			runOnlyForDeploymentPostprocessing = 0;
		};
/* End PBXSourcesBuildPhase section */

/* Begin PBXVariantGroup section */
		1171A59A27CF494900E0DEE5 /* Main.storyboard */ = {
			isa = PBXVariantGroup;
			children = (
				1171A59B27CF494900E0DEE5 /* Base */,
			);
			name = Main.storyboard;
			sourceTree = "<group>";
		};
		1171A5A227CF494900E0DEE5 /* LaunchScreen.storyboard */ = {
			isa = PBXVariantGroup;
			children = (
				1171A5A327CF494900E0DEE5 /* Base */,
			);
			name = LaunchScreen.storyboard;
			sourceTree = "<group>";
		};
/* End PBXVariantGroup section */

/* Begin XCBuildConfiguration section */
		1171A5A627CF494900E0DEE5 /* Debug */ = {
			isa = XCBuildConfiguration;
			buildSettings = {
				ALWAYS_SEARCH_USER_PATHS = NO;
				CLANG_ANALYZER_NONNULL = YES;
				CLANG_ANALYZER_NUMBER_OBJECT_CONVERSION = YES_AGGRESSIVE;
				CLANG_CXX_LANGUAGE_STANDARD = "gnu++17";
				CLANG_CXX_LIBRARY = "libc++";
				CLANG_ENABLE_MODULES = YES;
				CLANG_ENABLE_OBJC_ARC = YES;
				CLANG_ENABLE_OBJC_WEAK = YES;
				CLANG_WARN_BLOCK_CAPTURE_AUTORELEASING = YES;
				CLANG_WARN_BOOL_CONVERSION = YES;
				CLANG_WARN_COMMA = YES;
				CLANG_WARN_CONSTANT_CONVERSION = YES;
				CLANG_WARN_DEPRECATED_OBJC_IMPLEMENTATIONS = YES;
				CLANG_WARN_DIRECT_OBJC_ISA_USAGE = YES_ERROR;
				CLANG_WARN_DOCUMENTATION_COMMENTS = YES;
				CLANG_WARN_EMPTY_BODY = YES;
				CLANG_WARN_ENUM_CONVERSION = YES;
				CLANG_WARN_INFINITE_RECURSION = YES;
				CLANG_WARN_INT_CONVERSION = YES;
				CLANG_WARN_NON_LITERAL_NULL_CONVERSION = YES;
				CLANG_WARN_OBJC_IMPLICIT_RETAIN_SELF = YES;
				CLANG_WARN_OBJC_LITERAL_CONVERSION = YES;
				CLANG_WARN_OBJC_ROOT_CLASS = YES_ERROR;
				CLANG_WARN_QUOTED_INCLUDE_IN_FRAMEWORK_HEADER = YES;
				CLANG_WARN_RANGE_LOOP_ANALYSIS = YES;
				CLANG_WARN_STRICT_PROTOTYPES = YES;
				CLANG_WARN_SUSPICIOUS_MOVE = YES;
				CLANG_WARN_UNGUARDED_AVAILABILITY = YES_AGGRESSIVE;
				CLANG_WARN_UNREACHABLE_CODE = YES;
				CLANG_WARN__DUPLICATE_METHOD_MATCH = YES;
				COPY_PHASE_STRIP = NO;
				DEBUG_INFORMATION_FORMAT = dwarf;
				ENABLE_STRICT_OBJC_MSGSEND = YES;
				ENABLE_TESTABILITY = YES;
				GCC_C_LANGUAGE_STANDARD = gnu11;
				GCC_DYNAMIC_NO_PIC = NO;
				GCC_NO_COMMON_BLOCKS = YES;
				GCC_OPTIMIZATION_LEVEL = 0;
				GCC_PREPROCESSOR_DEFINITIONS = (
					"DEBUG=1",
					"$(inherited)",
				);
				GCC_WARN_64_TO_32_BIT_CONVERSION = YES;
				GCC_WARN_ABOUT_RETURN_TYPE = YES_ERROR;
				GCC_WARN_UNDECLARED_SELECTOR = YES;
				GCC_WARN_UNINITIALIZED_AUTOS = YES_AGGRESSIVE;
				GCC_WARN_UNUSED_FUNCTION = YES;
				GCC_WARN_UNUSED_VARIABLE = YES;
				IPHONEOS_DEPLOYMENT_TARGET = 15.2;
				MTL_ENABLE_DEBUG_INFO = INCLUDE_SOURCE;
				MTL_FAST_MATH = YES;
				ONLY_ACTIVE_ARCH = YES;
				SDKROOT = iphoneos;
				SWIFT_ACTIVE_COMPILATION_CONDITIONS = DEBUG;
				SWIFT_OPTIMIZATION_LEVEL = "-Onone";
			};
			name = Debug;
		};
		1171A5A727CF494900E0DEE5 /* Release */ = {
			isa = XCBuildConfiguration;
			buildSettings = {
				ALWAYS_SEARCH_USER_PATHS = NO;
				CLANG_ANALYZER_NONNULL = YES;
				CLANG_ANALYZER_NUMBER_OBJECT_CONVERSION = YES_AGGRESSIVE;
				CLANG_CXX_LANGUAGE_STANDARD = "gnu++17";
				CLANG_CXX_LIBRARY = "libc++";
				CLANG_ENABLE_MODULES = YES;
				CLANG_ENABLE_OBJC_ARC = YES;
				CLANG_ENABLE_OBJC_WEAK = YES;
				CLANG_WARN_BLOCK_CAPTURE_AUTORELEASING = YES;
				CLANG_WARN_BOOL_CONVERSION = YES;
				CLANG_WARN_COMMA = YES;
				CLANG_WARN_CONSTANT_CONVERSION = YES;
				CLANG_WARN_DEPRECATED_OBJC_IMPLEMENTATIONS = YES;
				CLANG_WARN_DIRECT_OBJC_ISA_USAGE = YES_ERROR;
				CLANG_WARN_DOCUMENTATION_COMMENTS = YES;
				CLANG_WARN_EMPTY_BODY = YES;
				CLANG_WARN_ENUM_CONVERSION = YES;
				CLANG_WARN_INFINITE_RECURSION = YES;
				CLANG_WARN_INT_CONVERSION = YES;
				CLANG_WARN_NON_LITERAL_NULL_CONVERSION = YES;
				CLANG_WARN_OBJC_IMPLICIT_RETAIN_SELF = YES;
				CLANG_WARN_OBJC_LITERAL_CONVERSION = YES;
				CLANG_WARN_OBJC_ROOT_CLASS = YES_ERROR;
				CLANG_WARN_QUOTED_INCLUDE_IN_FRAMEWORK_HEADER = YES;
				CLANG_WARN_RANGE_LOOP_ANALYSIS = YES;
				CLANG_WARN_STRICT_PROTOTYPES = YES;
				CLANG_WARN_SUSPICIOUS_MOVE = YES;
				CLANG_WARN_UNGUARDED_AVAILABILITY = YES_AGGRESSIVE;
				CLANG_WARN_UNREACHABLE_CODE = YES;
				CLANG_WARN__DUPLICATE_METHOD_MATCH = YES;
				COPY_PHASE_STRIP = NO;
				DEBUG_INFORMATION_FORMAT = "dwarf-with-dsym";
				ENABLE_NS_ASSERTIONS = NO;
				ENABLE_STRICT_OBJC_MSGSEND = YES;
				GCC_C_LANGUAGE_STANDARD = gnu11;
				GCC_NO_COMMON_BLOCKS = YES;
				GCC_WARN_64_TO_32_BIT_CONVERSION = YES;
				GCC_WARN_ABOUT_RETURN_TYPE = YES_ERROR;
				GCC_WARN_UNDECLARED_SELECTOR = YES;
				GCC_WARN_UNINITIALIZED_AUTOS = YES_AGGRESSIVE;
				GCC_WARN_UNUSED_FUNCTION = YES;
				GCC_WARN_UNUSED_VARIABLE = YES;
				IPHONEOS_DEPLOYMENT_TARGET = 15.2;
				MTL_ENABLE_DEBUG_INFO = NO;
				MTL_FAST_MATH = YES;
				SDKROOT = iphoneos;
				SWIFT_COMPILATION_MODE = wholemodule;
				SWIFT_OPTIMIZATION_LEVEL = "-O";
				VALIDATE_PRODUCT = YES;
			};
			name = Release;
		};
		1171A5A927CF494900E0DEE5 /* Debug */ = {
			isa = XCBuildConfiguration;
			buildSettings = {
				ASSETCATALOG_COMPILER_APPICON_NAME = AppIcon;
				ASSETCATALOG_COMPILER_GLOBAL_ACCENT_COLOR_NAME = AccentColor;
				CODE_SIGN_STYLE = Automatic;
				CURRENT_PROJECT_VERSION = 1;
				DEVELOPMENT_TEAM = WY6RU5YZ2H;
				GENERATE_INFOPLIST_FILE = YES;
				INFOPLIST_FILE = NewsApp/Info.plist;
				INFOPLIST_KEY_UIApplicationSupportsIndirectInputEvents = YES;
				INFOPLIST_KEY_UILaunchStoryboardName = LaunchScreen;
				INFOPLIST_KEY_UIMainStoryboardFile = Main;
				INFOPLIST_KEY_UISupportedInterfaceOrientations_iPad = "UIInterfaceOrientationPortrait UIInterfaceOrientationPortraitUpsideDown UIInterfaceOrientationLandscapeLeft UIInterfaceOrientationLandscapeRight";
				INFOPLIST_KEY_UISupportedInterfaceOrientations_iPhone = "UIInterfaceOrientationPortrait UIInterfaceOrientationLandscapeLeft UIInterfaceOrientationLandscapeRight";
				LD_RUNPATH_SEARCH_PATHS = (
					"$(inherited)",
					"@executable_path/Frameworks",
				);
				MARKETING_VERSION = 1.0;
				PRODUCT_BUNDLE_IDENTIFIER = mgazizova.NewsApp;
				PRODUCT_NAME = "$(TARGET_NAME)";
				SWIFT_EMIT_LOC_STRINGS = YES;
				SWIFT_VERSION = 5.0;
				TARGETED_DEVICE_FAMILY = "1,2";
			};
			name = Debug;
		};
		1171A5AA27CF494900E0DEE5 /* Release */ = {
			isa = XCBuildConfiguration;
			buildSettings = {
				ASSETCATALOG_COMPILER_APPICON_NAME = AppIcon;
				ASSETCATALOG_COMPILER_GLOBAL_ACCENT_COLOR_NAME = AccentColor;
				CODE_SIGN_STYLE = Automatic;
				CURRENT_PROJECT_VERSION = 1;
				DEVELOPMENT_TEAM = WY6RU5YZ2H;
				GENERATE_INFOPLIST_FILE = YES;
				INFOPLIST_FILE = NewsApp/Info.plist;
				INFOPLIST_KEY_UIApplicationSupportsIndirectInputEvents = YES;
				INFOPLIST_KEY_UILaunchStoryboardName = LaunchScreen;
				INFOPLIST_KEY_UIMainStoryboardFile = Main;
				INFOPLIST_KEY_UISupportedInterfaceOrientations_iPad = "UIInterfaceOrientationPortrait UIInterfaceOrientationPortraitUpsideDown UIInterfaceOrientationLandscapeLeft UIInterfaceOrientationLandscapeRight";
				INFOPLIST_KEY_UISupportedInterfaceOrientations_iPhone = "UIInterfaceOrientationPortrait UIInterfaceOrientationLandscapeLeft UIInterfaceOrientationLandscapeRight";
				LD_RUNPATH_SEARCH_PATHS = (
					"$(inherited)",
					"@executable_path/Frameworks",
				);
				MARKETING_VERSION = 1.0;
				PRODUCT_BUNDLE_IDENTIFIER = mgazizova.NewsApp;
				PRODUCT_NAME = "$(TARGET_NAME)";
				SWIFT_EMIT_LOC_STRINGS = YES;
				SWIFT_VERSION = 5.0;
				TARGETED_DEVICE_FAMILY = "1,2";
			};
			name = Release;
		};
/* End XCBuildConfiguration section */

/* Begin XCConfigurationList section */
		1171A58C27CF494900E0DEE5 /* Build configuration list for PBXProject "NewsApp" */ = {
			isa = XCConfigurationList;
			buildConfigurations = (
				1171A5A627CF494900E0DEE5 /* Debug */,
				1171A5A727CF494900E0DEE5 /* Release */,
			);
			defaultConfigurationIsVisible = 0;
			defaultConfigurationName = Release;
		};
		1171A5A827CF494900E0DEE5 /* Build configuration list for PBXNativeTarget "NewsApp" */ = {
			isa = XCConfigurationList;
			buildConfigurations = (
				1171A5A927CF494900E0DEE5 /* Debug */,
				1171A5AA27CF494900E0DEE5 /* Release */,
			);
			defaultConfigurationIsVisible = 0;
			defaultConfigurationName = Release;
		};
/* End XCConfigurationList section */

/* Begin XCRemoteSwiftPackageReference section */
		1171A5B327DA17FB00E0DEE5 /* XCRemoteSwiftPackageReference "Kingfisher" */ = {
			isa = XCRemoteSwiftPackageReference;
			repositoryURL = "https://github.com/onevcat/Kingfisher.git";
			requirement = {
				kind = upToNextMajorVersion;
				minimumVersion = 7.0.0;
			};
		};
/* End XCRemoteSwiftPackageReference section */

/* Begin XCSwiftPackageProductDependency section */
		1171A5B427DA17FB00E0DEE5 /* Kingfisher */ = {
			isa = XCSwiftPackageProductDependency;
			package = 1171A5B327DA17FB00E0DEE5 /* XCRemoteSwiftPackageReference "Kingfisher" */;
			productName = Kingfisher;
		};
/* End XCSwiftPackageProductDependency section */

/* Begin XCVersionGroup section */
		1171A59D27CF494900E0DEE5 /* NewsApp.xcdatamodeld */ = {
			isa = XCVersionGroup;
			children = (
				1171A59E27CF494900E0DEE5 /* NewsApp.xcdatamodel */,
			);
			currentVersion = 1171A59E27CF494900E0DEE5 /* NewsApp.xcdatamodel */;
			path = NewsApp.xcdatamodeld;
			sourceTree = "<group>";
			versionGroupType = wrapper.xcdatamodel;
		};
/* End XCVersionGroup section */
	};
	rootObject = 1171A58927CF494900E0DEE5 /* Project object */;
}
